
Microsoft Visual Studio Solution File, Format Version 12.00
# Visual Studio Version 17
VisualStudioVersion = 17.11.35303.130
MinimumVisualStudioVersion = 10.0.40219.1
Project("{FAE04EC0-301F-11D3-BF4B-00C04F79EFBC}") = "FormulariRegistreUsuaris", "FormulariRegistreUsuaris\FormulariRegistreUsuaris.csproj", "{BFF19089-2943-4D45-B2C9-EB59E0C47730}"
EndProject
Global
	GlobalSection(SolutionConfigurationPlatforms) = preSolution
		Debug|Any CPU = Debug|Any CPU
		Release|Any CPU = Release|Any CPU
	EndGlobalSection
	GlobalSection(ProjectConfigurationPlatforms) = postSolution
		{BFF19089-2943-4D45-B2C9-EB59E0C47730}.Debug|Any CPU.ActiveCfg = Debug|Any CPU
		{BFF19089-2943-4D45-B2C9-EB59E0C47730}.Debug|Any CPU.Build.0 = Debug|Any CPU
		{BFF19089-2943-4D45-B2C9-EB59E0C47730}.Release|Any CPU.ActiveCfg = Release|Any CPU
		{BFF19089-2943-4D45-B2C9-EB59E0C47730}.Release|Any CPU.Build.0 = Release|Any CPU
	EndGlobalSection
	GlobalSection(SolutionProperties) = preSolution
		HideSolutionNode = FALSE
	EndGlobalSection
	GlobalSection(ExtensibilityGlobals) = postSolution
		SolutionGuid = {274C3608-C0B7-44F0-A3EB-B18209407076}
	EndGlobalSection
EndGlobal
